
Microsoft Visual Studio Solution File, Format Version 12.00
# Visual Studio Version 16
VisualStudioVersion = 16.0.31515.178
MinimumVisualStudioVersion = 10.0.40219.1
Project("{FAE04EC0-301F-11D3-BF4B-00C04F79EFBC}") = "Assignment02", "Assignment02\Assignment02.csproj", "{ADA27742-D9ED-44B3-B4D9-CD6F67B41A41}"
EndProject
Global
	GlobalSection(SolutionConfigurationPlatforms) = preSolution
		Debug|Any CPU = Debug|Any CPU
		Release|Any CPU = Release|Any CPU
	EndGlobalSection
	GlobalSection(ProjectConfigurationPlatforms) = postSolution
		{ADA27742-D9ED-44B3-B4D9-CD6F67B41A41}.Debug|Any CPU.ActiveCfg = Debug|Any CPU
		{ADA27742-D9ED-44B3-B4D9-CD6F67B41A41}.Debug|Any CPU.Build.0 = Debug|Any CPU
		{ADA27742-D9ED-44B3-B4D9-CD6F67B41A41}.Release|Any CPU.ActiveCfg = Release|Any CPU
		{ADA27742-D9ED-44B3-B4D9-CD6F67B41A41}.Release|Any CPU.Build.0 = Release|Any CPU
	EndGlobalSection
	GlobalSection(SolutionProperties) = preSolution
		HideSolutionNode = FALSE
	EndGlobalSection
	GlobalSection(ExtensibilityGlobals) = postSolution
		SolutionGuid = {D56C8B34-820D-470E-8E66-DF5787A396DF}
	EndGlobalSection
EndGlobal
