
Microsoft Visual Studio Solution File, Format Version 12.00
# Visual Studio Version 16
VisualStudioVersion = 16.0.31515.178
MinimumVisualStudioVersion = 10.0.40219.1
Project("{FAE04EC0-301F-11D3-BF4B-00C04F79EFBC}") = "Wxample3", "Wxample3\Wxample3.csproj", "{793588E3-83F6-4140-AAC3-DEEF3B4D6FD5}"
EndProject
Global
	GlobalSection(SolutionConfigurationPlatforms) = preSolution
		Debug|Any CPU = Debug|Any CPU
		Release|Any CPU = Release|Any CPU
	EndGlobalSection
	GlobalSection(ProjectConfigurationPlatforms) = postSolution
		{793588E3-83F6-4140-AAC3-DEEF3B4D6FD5}.Debug|Any CPU.ActiveCfg = Debug|Any CPU
		{793588E3-83F6-4140-AAC3-DEEF3B4D6FD5}.Debug|Any CPU.Build.0 = Debug|Any CPU
		{793588E3-83F6-4140-AAC3-DEEF3B4D6FD5}.Release|Any CPU.ActiveCfg = Release|Any CPU
		{793588E3-83F6-4140-AAC3-DEEF3B4D6FD5}.Release|Any CPU.Build.0 = Release|Any CPU
	EndGlobalSection
	GlobalSection(SolutionProperties) = preSolution
		HideSolutionNode = FALSE
	EndGlobalSection
	GlobalSection(ExtensibilityGlobals) = postSolution
		SolutionGuid = {B573FF0A-752A-4567-89AB-78FCFE1E85D6}
	EndGlobalSection
EndGlobal
