
Microsoft Visual Studio Solution File, Format Version 12.00
# Visual Studio Version 16
VisualStudioVersion = 16.0.31515.178
MinimumVisualStudioVersion = 10.0.40219.1
Project("{FAE04EC0-301F-11D3-BF4B-00C04F79EFBC}") = "Lab4", "Lab4\Lab4.csproj", "{E684CCE0-E254-497E-9901-1FE6F02E4CBD}"
EndProject
Global
	GlobalSection(SolutionConfigurationPlatforms) = preSolution
		Debug|Any CPU = Debug|Any CPU
		Release|Any CPU = Release|Any CPU
	EndGlobalSection
	GlobalSection(ProjectConfigurationPlatforms) = postSolution
		{E684CCE0-E254-497E-9901-1FE6F02E4CBD}.Debug|Any CPU.ActiveCfg = Debug|Any CPU
		{E684CCE0-E254-497E-9901-1FE6F02E4CBD}.Debug|Any CPU.Build.0 = Debug|Any CPU
		{E684CCE0-E254-497E-9901-1FE6F02E4CBD}.Release|Any CPU.ActiveCfg = Release|Any CPU
		{E684CCE0-E254-497E-9901-1FE6F02E4CBD}.Release|Any CPU.Build.0 = Release|Any CPU
	EndGlobalSection
	GlobalSection(SolutionProperties) = preSolution
		HideSolutionNode = FALSE
	EndGlobalSection
	GlobalSection(ExtensibilityGlobals) = postSolution
		SolutionGuid = {18BA1A6C-7264-451E-9401-62826974591D}
	EndGlobalSection
EndGlobal
