
Microsoft Visual Studio Solution File, Format Version 12.00
# Visual Studio Version 16
VisualStudioVersion = 16.0.31515.178
MinimumVisualStudioVersion = 10.0.40219.1
Project("{FAE04EC0-301F-11D3-BF4B-00C04F79EFBC}") = "Assignment02.1", "Assignment02.1\Assignment02.1.csproj", "{EA285406-3FE0-45F3-A7BB-8104BEF3F222}"
EndProject
Global
	GlobalSection(SolutionConfigurationPlatforms) = preSolution
		Debug|Any CPU = Debug|Any CPU
		Release|Any CPU = Release|Any CPU
	EndGlobalSection
	GlobalSection(ProjectConfigurationPlatforms) = postSolution
		{EA285406-3FE0-45F3-A7BB-8104BEF3F222}.Debug|Any CPU.ActiveCfg = Debug|Any CPU
		{EA285406-3FE0-45F3-A7BB-8104BEF3F222}.Debug|Any CPU.Build.0 = Debug|Any CPU
		{EA285406-3FE0-45F3-A7BB-8104BEF3F222}.Release|Any CPU.ActiveCfg = Release|Any CPU
		{EA285406-3FE0-45F3-A7BB-8104BEF3F222}.Release|Any CPU.Build.0 = Release|Any CPU
	EndGlobalSection
	GlobalSection(SolutionProperties) = preSolution
		HideSolutionNode = FALSE
	EndGlobalSection
	GlobalSection(ExtensibilityGlobals) = postSolution
		SolutionGuid = {889D6E9A-EEB7-4DB9-BCF5-A14D7D876617}
	EndGlobalSection
EndGlobal
