
Microsoft Visual Studio Solution File, Format Version 12.00
# Visual Studio Version 16
VisualStudioVersion = 16.0.31515.178
MinimumVisualStudioVersion = 10.0.40219.1
Project("{FAE04EC0-301F-11D3-BF4B-00C04F79EFBC}") = "Questions", "Question\Questions.csproj", "{869A1E8C-5922-4F16-86D2-A282E4B1B4C6}"
EndProject
Global
	GlobalSection(SolutionConfigurationPlatforms) = preSolution
		Debug|Any CPU = Debug|Any CPU
		Release|Any CPU = Release|Any CPU
	EndGlobalSection
	GlobalSection(ProjectConfigurationPlatforms) = postSolution
		{869A1E8C-5922-4F16-86D2-A282E4B1B4C6}.Debug|Any CPU.ActiveCfg = Debug|Any CPU
		{869A1E8C-5922-4F16-86D2-A282E4B1B4C6}.Debug|Any CPU.Build.0 = Debug|Any CPU
		{869A1E8C-5922-4F16-86D2-A282E4B1B4C6}.Release|Any CPU.ActiveCfg = Release|Any CPU
		{869A1E8C-5922-4F16-86D2-A282E4B1B4C6}.Release|Any CPU.Build.0 = Release|Any CPU
	EndGlobalSection
	GlobalSection(SolutionProperties) = preSolution
		HideSolutionNode = FALSE
	EndGlobalSection
	GlobalSection(ExtensibilityGlobals) = postSolution
		SolutionGuid = {61429504-5950-48F3-A1E8-D39724475865}
	EndGlobalSection
EndGlobal
