
Microsoft Visual Studio Solution File, Format Version 12.00
# Visual Studio Version 16
VisualStudioVersion = 16.0.31515.178
MinimumVisualStudioVersion = 10.0.40219.1
Project("{FAE04EC0-301F-11D3-BF4B-00C04F79EFBC}") = "Customer", "Customer\Customer.csproj", "{8869DBE8-A74B-425E-A245-576025DC39E2}"
EndProject
Project("{FAE04EC0-301F-11D3-BF4B-00C04F79EFBC}") = "ExHandling1", "ExHandling1\ExHandling1.csproj", "{32AB09E8-8DBA-4A73-8F1A-7E8AF1CFEBAC}"
EndProject
Project("{FAE04EC0-301F-11D3-BF4B-00C04F79EFBC}") = "ExHandling2", "ExHandling2\ExHandling2.csproj", "{A77C00AB-14E7-445A-B185-E71EF190748B}"
EndProject
Project("{FAE04EC0-301F-11D3-BF4B-00C04F79EFBC}") = "‘ExHandling3", "‘ExHandling3\‘ExHandling3.csproj", "{094AEE09-511B-46DE-80DF-B5A0E4F7E60C}"
EndProject
Project("{FAE04EC0-301F-11D3-BF4B-00C04F79EFBC}") = "‘FinallyStmt’", "‘FinallyStmt’\‘FinallyStmt’.csproj", "{88028120-F711-446F-8A77-E29E761A0569}"
EndProject
Global
	GlobalSection(SolutionConfigurationPlatforms) = preSolution
		Debug|Any CPU = Debug|Any CPU
		Release|Any CPU = Release|Any CPU
	EndGlobalSection
	GlobalSection(ProjectConfigurationPlatforms) = postSolution
		{8869DBE8-A74B-425E-A245-576025DC39E2}.Debug|Any CPU.ActiveCfg = Debug|Any CPU
		{8869DBE8-A74B-425E-A245-576025DC39E2}.Debug|Any CPU.Build.0 = Debug|Any CPU
		{8869DBE8-A74B-425E-A245-576025DC39E2}.Release|Any CPU.ActiveCfg = Release|Any CPU
		{8869DBE8-A74B-425E-A245-576025DC39E2}.Release|Any CPU.Build.0 = Release|Any CPU
		{32AB09E8-8DBA-4A73-8F1A-7E8AF1CFEBAC}.Debug|Any CPU.ActiveCfg = Debug|Any CPU
		{32AB09E8-8DBA-4A73-8F1A-7E8AF1CFEBAC}.Debug|Any CPU.Build.0 = Debug|Any CPU
		{32AB09E8-8DBA-4A73-8F1A-7E8AF1CFEBAC}.Release|Any CPU.ActiveCfg = Release|Any CPU
		{32AB09E8-8DBA-4A73-8F1A-7E8AF1CFEBAC}.Release|Any CPU.Build.0 = Release|Any CPU
		{A77C00AB-14E7-445A-B185-E71EF190748B}.Debug|Any CPU.ActiveCfg = Debug|Any CPU
		{A77C00AB-14E7-445A-B185-E71EF190748B}.Debug|Any CPU.Build.0 = Debug|Any CPU
		{A77C00AB-14E7-445A-B185-E71EF190748B}.Release|Any CPU.ActiveCfg = Release|Any CPU
		{A77C00AB-14E7-445A-B185-E71EF190748B}.Release|Any CPU.Build.0 = Release|Any CPU
		{094AEE09-511B-46DE-80DF-B5A0E4F7E60C}.Debug|Any CPU.ActiveCfg = Debug|Any CPU
		{094AEE09-511B-46DE-80DF-B5A0E4F7E60C}.Debug|Any CPU.Build.0 = Debug|Any CPU
		{094AEE09-511B-46DE-80DF-B5A0E4F7E60C}.Release|Any CPU.ActiveCfg = Release|Any CPU
		{094AEE09-511B-46DE-80DF-B5A0E4F7E60C}.Release|Any CPU.Build.0 = Release|Any CPU
		{88028120-F711-446F-8A77-E29E761A0569}.Debug|Any CPU.ActiveCfg = Debug|Any CPU
		{88028120-F711-446F-8A77-E29E761A0569}.Debug|Any CPU.Build.0 = Debug|Any CPU
		{88028120-F711-446F-8A77-E29E761A0569}.Release|Any CPU.ActiveCfg = Release|Any CPU
		{88028120-F711-446F-8A77-E29E761A0569}.Release|Any CPU.Build.0 = Release|Any CPU
	EndGlobalSection
	GlobalSection(SolutionProperties) = preSolution
		HideSolutionNode = FALSE
	EndGlobalSection
	GlobalSection(ExtensibilityGlobals) = postSolution
		SolutionGuid = {AE2E033C-F841-4813-A8B5-47EC1D37FF8E}
	EndGlobalSection
EndGlobal
