
Microsoft Visual Studio Solution File, Format Version 12.00
# Visual Studio Version 16
VisualStudioVersion = 16.0.31515.178
MinimumVisualStudioVersion = 10.0.40219.1
Project("{FAE04EC0-301F-11D3-BF4B-00C04F79EFBC}") = "Lab3", "Lab3\Lab3.csproj", "{0AEC8EE6-BFA1-44C8-84AD-515B817A80C3}"
EndProject
Global
	GlobalSection(SolutionConfigurationPlatforms) = preSolution
		Debug|Any CPU = Debug|Any CPU
		Release|Any CPU = Release|Any CPU
	EndGlobalSection
	GlobalSection(ProjectConfigurationPlatforms) = postSolution
		{0AEC8EE6-BFA1-44C8-84AD-515B817A80C3}.Debug|Any CPU.ActiveCfg = Debug|Any CPU
		{0AEC8EE6-BFA1-44C8-84AD-515B817A80C3}.Debug|Any CPU.Build.0 = Debug|Any CPU
		{0AEC8EE6-BFA1-44C8-84AD-515B817A80C3}.Release|Any CPU.ActiveCfg = Release|Any CPU
		{0AEC8EE6-BFA1-44C8-84AD-515B817A80C3}.Release|Any CPU.Build.0 = Release|Any CPU
	EndGlobalSection
	GlobalSection(SolutionProperties) = preSolution
		HideSolutionNode = FALSE
	EndGlobalSection
	GlobalSection(ExtensibilityGlobals) = postSolution
		SolutionGuid = {78A82954-4092-421A-A203-F711338B7293}
	EndGlobalSection
EndGlobal
