
Microsoft Visual Studio Solution File, Format Version 12.00
# Visual Studio Version 16
VisualStudioVersion = 16.0.31515.178
MinimumVisualStudioVersion = 10.0.40219.1
Project("{FAE04EC0-301F-11D3-BF4B-00C04F79EFBC}") = "Example8", "Example8\Example8.csproj", "{855399D6-14A6-48B5-B1AC-CAF775F105C4}"
EndProject
Project("{FAE04EC0-301F-11D3-BF4B-00C04F79EFBC}") = "Example8.1", "Example8.1\Example8.1.csproj", "{EC05A663-18C9-4868-BCA2-28047E8D928E}"
EndProject
Global
	GlobalSection(SolutionConfigurationPlatforms) = preSolution
		Debug|Any CPU = Debug|Any CPU
		Release|Any CPU = Release|Any CPU
	EndGlobalSection
	GlobalSection(ProjectConfigurationPlatforms) = postSolution
		{855399D6-14A6-48B5-B1AC-CAF775F105C4}.Debug|Any CPU.ActiveCfg = Debug|Any CPU
		{855399D6-14A6-48B5-B1AC-CAF775F105C4}.Debug|Any CPU.Build.0 = Debug|Any CPU
		{855399D6-14A6-48B5-B1AC-CAF775F105C4}.Release|Any CPU.ActiveCfg = Release|Any CPU
		{855399D6-14A6-48B5-B1AC-CAF775F105C4}.Release|Any CPU.Build.0 = Release|Any CPU
		{EC05A663-18C9-4868-BCA2-28047E8D928E}.Debug|Any CPU.ActiveCfg = Debug|Any CPU
		{EC05A663-18C9-4868-BCA2-28047E8D928E}.Debug|Any CPU.Build.0 = Debug|Any CPU
		{EC05A663-18C9-4868-BCA2-28047E8D928E}.Release|Any CPU.ActiveCfg = Release|Any CPU
		{EC05A663-18C9-4868-BCA2-28047E8D928E}.Release|Any CPU.Build.0 = Release|Any CPU
	EndGlobalSection
	GlobalSection(SolutionProperties) = preSolution
		HideSolutionNode = FALSE
	EndGlobalSection
	GlobalSection(ExtensibilityGlobals) = postSolution
		SolutionGuid = {C630B38E-E78C-47A0-8BC1-558BC1CFD876}
	EndGlobalSection
EndGlobal
