
Microsoft Visual Studio Solution File, Format Version 12.00
# Visual Studio Version 16
VisualStudioVersion = 16.0.31515.178
MinimumVisualStudioVersion = 10.0.40219.1
Project("{FAE04EC0-301F-11D3-BF4B-00C04F79EFBC}") = "ShowMeHow9", "ShowMeHow9\ShowMeHow9.csproj", "{3FB83DAE-B104-4E42-AB8D-CBAFD794BAD9}"
EndProject
Global
	GlobalSection(SolutionConfigurationPlatforms) = preSolution
		Debug|Any CPU = Debug|Any CPU
		Release|Any CPU = Release|Any CPU
	EndGlobalSection
	GlobalSection(ProjectConfigurationPlatforms) = postSolution
		{3FB83DAE-B104-4E42-AB8D-CBAFD794BAD9}.Debug|Any CPU.ActiveCfg = Debug|Any CPU
		{3FB83DAE-B104-4E42-AB8D-CBAFD794BAD9}.Debug|Any CPU.Build.0 = Debug|Any CPU
		{3FB83DAE-B104-4E42-AB8D-CBAFD794BAD9}.Release|Any CPU.ActiveCfg = Release|Any CPU
		{3FB83DAE-B104-4E42-AB8D-CBAFD794BAD9}.Release|Any CPU.Build.0 = Release|Any CPU
	EndGlobalSection
	GlobalSection(SolutionProperties) = preSolution
		HideSolutionNode = FALSE
	EndGlobalSection
	GlobalSection(ExtensibilityGlobals) = postSolution
		SolutionGuid = {91EAB77E-01EC-4811-BC30-F1B2CB90333D}
	EndGlobalSection
EndGlobal
