
Microsoft Visual Studio Solution File, Format Version 12.00
# Visual Studio Version 16
VisualStudioVersion = 16.0.31515.178
MinimumVisualStudioVersion = 10.0.40219.1
Project("{FAE04EC0-301F-11D3-BF4B-00C04F79EFBC}") = "ShowMeHow3", "ShowMeHow3\ShowMeHow3.csproj", "{C8F0D931-70BD-403D-83DF-B46000FA691F}"
EndProject
Project("{FAE04EC0-301F-11D3-BF4B-00C04F79EFBC}") = "ShowMeHow3.2", "ShowMeHow3.2\ShowMeHow3.2.csproj", "{B461F97A-7B48-44F5-A249-D40386E7C6A6}"
EndProject
Project("{FAE04EC0-301F-11D3-BF4B-00C04F79EFBC}") = "ShowMeHow3.3", "ShowMeHow3.3\ShowMeHow3.3.csproj", "{BF99D9D3-C56F-4227-8AD2-44D0426497EF}"
EndProject
Global
	GlobalSection(SolutionConfigurationPlatforms) = preSolution
		Debug|Any CPU = Debug|Any CPU
		Release|Any CPU = Release|Any CPU
	EndGlobalSection
	GlobalSection(ProjectConfigurationPlatforms) = postSolution
		{C8F0D931-70BD-403D-83DF-B46000FA691F}.Debug|Any CPU.ActiveCfg = Debug|Any CPU
		{C8F0D931-70BD-403D-83DF-B46000FA691F}.Debug|Any CPU.Build.0 = Debug|Any CPU
		{C8F0D931-70BD-403D-83DF-B46000FA691F}.Release|Any CPU.ActiveCfg = Release|Any CPU
		{C8F0D931-70BD-403D-83DF-B46000FA691F}.Release|Any CPU.Build.0 = Release|Any CPU
		{B461F97A-7B48-44F5-A249-D40386E7C6A6}.Debug|Any CPU.ActiveCfg = Debug|Any CPU
		{B461F97A-7B48-44F5-A249-D40386E7C6A6}.Debug|Any CPU.Build.0 = Debug|Any CPU
		{B461F97A-7B48-44F5-A249-D40386E7C6A6}.Release|Any CPU.ActiveCfg = Release|Any CPU
		{B461F97A-7B48-44F5-A249-D40386E7C6A6}.Release|Any CPU.Build.0 = Release|Any CPU
		{BF99D9D3-C56F-4227-8AD2-44D0426497EF}.Debug|Any CPU.ActiveCfg = Debug|Any CPU
		{BF99D9D3-C56F-4227-8AD2-44D0426497EF}.Debug|Any CPU.Build.0 = Debug|Any CPU
		{BF99D9D3-C56F-4227-8AD2-44D0426497EF}.Release|Any CPU.ActiveCfg = Release|Any CPU
		{BF99D9D3-C56F-4227-8AD2-44D0426497EF}.Release|Any CPU.Build.0 = Release|Any CPU
	EndGlobalSection
	GlobalSection(SolutionProperties) = preSolution
		HideSolutionNode = FALSE
	EndGlobalSection
	GlobalSection(ExtensibilityGlobals) = postSolution
		SolutionGuid = {0A9C016D-BE79-4C3F-BF01-EAB836BD0381}
	EndGlobalSection
EndGlobal
